{
  "name": "tests",
  "lockfileVersion": 3,
  "requires": true,
  "packages": {
    "": {
      "dependencies": {
        "@vysx/multilib": "^1.1.5"
      }
    },
    "node_modules/@vysx/multilib": {
      "version": "1.1.5",
      "resolved": "https://registry.npmjs.org/@vysx/multilib/-/multilib-1.1.5.tgz",
      "integrity": "sha512-iiaz7Yw06XsVFNoM4bLAROckXZImzTS3M7rGTFO8sOdaGyQXP9FH81wzmmf+VjzYV/97b10vQH8zXaglN1PpoQ=="
    }
  }
}
